
Microsoft Visual Studio Solution File, Format Version 12.00
# Visual Studio Version 16
VisualStudioVersion = 16.0.29613.14
MinimumVisualStudioVersion = 10.0.40219.1
Project("{FAE04EC0-301F-11D3-BF4B-00C04F79EFBC}") = "StephenZeng.Prototypes.DisasterRecovery.Api", "StephenZeng.Prototypes.DisasterRecovery.Api\StephenZeng.Prototypes.DisasterRecovery.Api.csproj", "{3299F60F-821F-42E5-AABE-E279F3681FE5}"
EndProject
Project("{FAE04EC0-301F-11D3-BF4B-00C04F79EFBC}") = "StephenZeng.Prototypes.DisasterRecovery.Microservices", "StephenZeng.Prototypes.DisasterRecovery.Microservices\StephenZeng.Prototypes.DisasterRecovery.Microservices.csproj", "{4FF1E1D2-4D9C-4CA8-AD9B-6E6C5B9C00B0}"
EndProject
Project("{FAE04EC0-301F-11D3-BF4B-00C04F79EFBC}") = "StephenZeng.Prototypes.DisasterRecovery.Projections", "StephenZeng.Prototypes.DisasterRecovery.Projections\StephenZeng.Prototypes.DisasterRecovery.Projections.csproj", "{CAAB395C-9AEB-460F-9D39-470ED08C90DC}"
EndProject
Project("{FAE04EC0-301F-11D3-BF4B-00C04F79EFBC}") = "StephenZeng.Prototypes.DisasterRecovery.Domain", "StephenZeng.Prototypes.DisasterRecovery.Domain\StephenZeng.Prototypes.DisasterRecovery.Domain.csproj", "{46C2F00A-AC4E-42C7-879B-B66423683A65}"
EndProject
Project("{FAE04EC0-301F-11D3-BF4B-00C04F79EFBC}") = "StephenZeng.Prototypes.DisasterRecovery.Dal", "StephenZeng.Prototypes.DisasterRecovery.Dal\StephenZeng.Prototypes.DisasterRecovery.Dal.csproj", "{A6547305-53E0-4569-936C-6B5E43636EE9}"
EndProject
Project("{FAE04EC0-301F-11D3-BF4B-00C04F79EFBC}") = "StephenZeng.Prototypes.DisasterRecovery.Common", "StephenZeng.Prototypes.DisasterRecovery.Common\StephenZeng.Prototypes.DisasterRecovery.Common.csproj", "{B78A0660-A80F-4DF2-B366-A1D3A6A93D86}"
EndProject
Global
	GlobalSection(SolutionConfigurationPlatforms) = preSolution
		Debug|Any CPU = Debug|Any CPU
		Release|Any CPU = Release|Any CPU
	EndGlobalSection
	GlobalSection(ProjectConfigurationPlatforms) = postSolution
		{3299F60F-821F-42E5-AABE-E279F3681FE5}.Debug|Any CPU.ActiveCfg = Debug|Any CPU
		{3299F60F-821F-42E5-AABE-E279F3681FE5}.Debug|Any CPU.Build.0 = Debug|Any CPU
		{3299F60F-821F-42E5-AABE-E279F3681FE5}.Release|Any CPU.ActiveCfg = Release|Any CPU
		{3299F60F-821F-42E5-AABE-E279F3681FE5}.Release|Any CPU.Build.0 = Release|Any CPU
		{4FF1E1D2-4D9C-4CA8-AD9B-6E6C5B9C00B0}.Debug|Any CPU.ActiveCfg = Debug|Any CPU
		{4FF1E1D2-4D9C-4CA8-AD9B-6E6C5B9C00B0}.Debug|Any CPU.Build.0 = Debug|Any CPU
		{4FF1E1D2-4D9C-4CA8-AD9B-6E6C5B9C00B0}.Release|Any CPU.ActiveCfg = Release|Any CPU
		{4FF1E1D2-4D9C-4CA8-AD9B-6E6C5B9C00B0}.Release|Any CPU.Build.0 = Release|Any CPU
		{CAAB395C-9AEB-460F-9D39-470ED08C90DC}.Debug|Any CPU.ActiveCfg = Debug|Any CPU
		{CAAB395C-9AEB-460F-9D39-470ED08C90DC}.Debug|Any CPU.Build.0 = Debug|Any CPU
		{CAAB395C-9AEB-460F-9D39-470ED08C90DC}.Release|Any CPU.ActiveCfg = Release|Any CPU
		{CAAB395C-9AEB-460F-9D39-470ED08C90DC}.Release|Any CPU.Build.0 = Release|Any CPU
		{46C2F00A-AC4E-42C7-879B-B66423683A65}.Debug|Any CPU.ActiveCfg = Debug|Any CPU
		{46C2F00A-AC4E-42C7-879B-B66423683A65}.Debug|Any CPU.Build.0 = Debug|Any CPU
		{46C2F00A-AC4E-42C7-879B-B66423683A65}.Release|Any CPU.ActiveCfg = Release|Any CPU
		{46C2F00A-AC4E-42C7-879B-B66423683A65}.Release|Any CPU.Build.0 = Release|Any CPU
		{A6547305-53E0-4569-936C-6B5E43636EE9}.Debug|Any CPU.ActiveCfg = Debug|Any CPU
		{A6547305-53E0-4569-936C-6B5E43636EE9}.Debug|Any CPU.Build.0 = Debug|Any CPU
		{A6547305-53E0-4569-936C-6B5E43636EE9}.Release|Any CPU.ActiveCfg = Release|Any CPU
		{A6547305-53E0-4569-936C-6B5E43636EE9}.Release|Any CPU.Build.0 = Release|Any CPU
		{B78A0660-A80F-4DF2-B366-A1D3A6A93D86}.Debug|Any CPU.ActiveCfg = Debug|Any CPU
		{B78A0660-A80F-4DF2-B366-A1D3A6A93D86}.Debug|Any CPU.Build.0 = Debug|Any CPU
		{B78A0660-A80F-4DF2-B366-A1D3A6A93D86}.Release|Any CPU.ActiveCfg = Release|Any CPU
		{B78A0660-A80F-4DF2-B366-A1D3A6A93D86}.Release|Any CPU.Build.0 = Release|Any CPU
	EndGlobalSection
	GlobalSection(SolutionProperties) = preSolution
		HideSolutionNode = FALSE
	EndGlobalSection
	GlobalSection(ExtensibilityGlobals) = postSolution
		SolutionGuid = {3251752C-57FB-4097-AC89-87020AEC5762}
	EndGlobalSection
EndGlobal
